// !$*UTF8*$!
{
	archiveVersion = 1;
	classes = {
	};
	objectVersion = 46;
	objects = {

/* Begin PBXBuildFile section */
		D7672CA81EF3028900D0C57A /* main.m in Sources */ = {isa = PBXBuildFile; fileRef = D7672CA71EF3028900D0C57A /* main.m */; };
		D7672CAB1EF3028900D0C57A /* AppDelegate.m in Sources */ = {isa = PBXBuildFile; fileRef = D7672CAA1EF3028900D0C57A /* AppDelegate.m */; };
		D7672CAE1EF3028900D0C57A /* ViewController.m in Sources */ = {isa = PBXBuildFile; fileRef = D7672CAD1EF3028900D0C57A /* ViewController.m */; };
		D7672CB11EF3028900D0C57A /* Main.storyboard in Resources */ = {isa = PBXBuildFile; fileRef = D7672CAF1EF3028900D0C57A /* Main.storyboard */; };
		D7672CB31EF3028900D0C57A /* Assets.xcassets in Resources */ = {isa = PBXBuildFile; fileRef = D7672CB21EF3028900D0C57A /* Assets.xcassets */; };
		D7672CB61EF3028900D0C57A /* LaunchScreen.storyboard in Resources */ = {isa = PBXBuildFile; fileRef = D7672CB41EF3028900D0C57A /* LaunchScreen.storyboard */; };
		D7672CC11EF3028A00D0C57A /* WavyTests.m in Sources */ = {isa = PBXBuildFile; fileRef = D7672CC01EF3028A00D0C57A /* WavyTests.m */; };
		D7672CCC1EF3028A00D0C57A /* WavyUITests.m in Sources */ = {isa = PBXBuildFile; fileRef = D7672CCB1EF3028A00D0C57A /* WavyUITests.m */; };
/* End PBXBuildFile section */

/* Begin PBXContainerItemProxy section */
		D7672CBD1EF3028A00D0C57A /* PBXContainerItemProxy */ = {
			isa = PBXContainerItemProxy;
			containerPortal = D7672C9B1EF3028900D0C57A /* Project object */;
			proxyType = 1;
			remoteGlobalIDString = D7672CA21EF3028900D0C57A;
			remoteInfo = Wavy;
		};
		D7672CC81EF3028A00D0C57A /* PBXContainerItemProxy */ = {
			isa = PBXContainerItemProxy;
			containerPortal = D7672C9B1EF3028900D0C57A /* Project object */;
			proxyType = 1;
			remoteGlobalIDString = D7672CA21EF3028900D0C57A;
			remoteInfo = Wavy;
		};
/* End PBXContainerItemProxy section */

/* Begin PBXFileReference section */
		D7672CA31EF3028900D0C57A /* Wavy.app */ = {isa = PBXFileReference; explicitFileType = wrapper.application; includeInIndex = 0; path = Wavy.app; sourceTree = BUILT_PRODUCTS_DIR; };
		D7672CA71EF3028900D0C57A /* main.m */ = {isa = PBXFileReference; lastKnownFileType = sourcecode.c.objc; path = main.m; sourceTree = "<group>"; };
		D7672CA91EF3028900D0C57A /* AppDelegate.h */ = {isa = PBXFileReference; lastKnownFileType = sourcecode.c.h; path = AppDelegate.h; sourceTree = "<group>"; };
		D7672CAA1EF3028900D0C57A /* AppDelegate.m */ = {isa = PBXFileReference; lastKnownFileType = sourcecode.c.objc; path = AppDelegate.m; sourceTree = "<group>"; };
		D7672CAC1EF3028900D0C57A /* ViewController.h */ = {isa = PBXFileReference; lastKnownFileType = sourcecode.c.h; path = ViewController.h; sourceTree = "<group>"; };
		D7672CAD1EF3028900D0C57A /* ViewController.m */ = {isa = PBXFileReference; lastKnownFileType = sourcecode.c.objc; path = ViewController.m; sourceTree = "<group>"; };
		D7672CB01EF3028900D0C57A /* Base */ = {isa = PBXFileReference; lastKnownFileType = file.storyboard; name = Base; path = Base.lproj/Main.storyboard; sourceTree = "<group>"; };
		D7672CB21EF3028900D0C57A /* Assets.xcassets */ = {isa = PBXFileReference; lastKnownFileType = folder.assetcatalog; path = Assets.xcassets; sourceTree = "<group>"; };
		D7672CB51EF3028900D0C57A /* Base */ = {isa = PBXFileReference; lastKnownFileType = file.storyboard; name = Base; path = Base.lproj/LaunchScreen.storyboard; sourceTree = "<group>"; };
		D7672CB71EF3028A00D0C57A /* Info.plist */ = {isa = PBXFileReference; lastKnownFileType = text.plist.xml; path = Info.plist; sourceTree = "<group>"; };
		D7672CBC1EF3028A00D0C57A /* WavyTests.xctest */ = {isa = PBXFileReference; explicitFileType = wrapper.cfbundle; includeInIndex = 0; path = WavyTests.xctest; sourceTree = BUILT_PRODUCTS_DIR; };
		D7672CC01EF3028A00D0C57A /* WavyTests.m */ = {isa = PBXFileReference; lastKnownFileType = sourcecode.c.objc; path = WavyTests.m; sourceTree = "<group>"; };
		D7672CC21EF3028A00D0C57A /* Info.plist */ = {isa = PBXFileReference; lastKnownFileType = text.plist.xml; path = Info.plist; sourceTree = "<group>"; };
		D7672CC71EF3028A00D0C57A /* WavyUITests.xctest */ = {isa = PBXFileReference; explicitFileType = wrapper.cfbundle; includeInIndex = 0; path = WavyUITests.xctest; sourceTree = BUILT_PRODUCTS_DIR; };
		D7672CCB1EF3028A00D0C57A /* WavyUITests.m */ = {isa = PBXFileReference; lastKnownFileType = sourcecode.c.objc; path = WavyUITests.m; sourceTree = "<group>"; };
		D7672CCD1EF3028A00D0C57A /* Info.plist */ = {isa = PBXFileReference; lastKnownFileType = text.plist.xml; path = Info.plist; sourceTree = "<group>"; };
/* End PBXFileReference section */

/* Begin PBXFrameworksBuildPhase section */
		D7672CA01EF3028900D0C57A /* Frameworks */ = {
			isa = PBXFrameworksBuildPhase;
			buildActionMask = 2147483647;
			files = (
			);
			runOnlyForDeploymentPostprocessing = 0;
		};
		D7672CB91EF3028A00D0C57A /* Frameworks */ = {
			isa = PBXFrameworksBuildPhase;
			buildActionMask = 2147483647;
			files = (
			);
			runOnlyForDeploymentPostprocessing = 0;
		};
		D7672CC41EF3028A00D0C57A /* Frameworks */ = {
			isa = PBXFrameworksBuildPhase;
			buildActionMask = 2147483647;
			files = (
			);
			runOnlyForDeploymentPostprocessing = 0;
		};
/* End PBXFrameworksBuildPhase section */

/* Begin PBXGroup section */
		D7672C9A1EF3028900D0C57A = {
			isa = PBXGroup;
			children = (
				D7672CA51EF3028900D0C57A /* Wavy */,
				D7672CBF1EF3028A00D0C57A /* WavyTests */,
				D7672CCA1EF3028A00D0C57A /* WavyUITests */,
				D7672CA41EF3028900D0C57A /* Products */,
			);
			sourceTree = "<group>";
		};
		D7672CA41EF3028900D0C57A /* Products */ = {
			isa = PBXGroup;
			children = (
				D7672CA31EF3028900D0C57A /* Wavy.app */,
				D7672CBC1EF3028A00D0C57A /* WavyTests.xctest */,
				D7672CC71EF3028A00D0C57A /* WavyUITests.xctest */,
			);
			name = Products;
			sourceTree = "<group>";
		};
		D7672CA51EF3028900D0C57A /* Wavy */ = {
			isa = PBXGroup;
			children = (
				D7672CA91EF3028900D0C57A /* AppDelegate.h */,
				D7672CAA1EF3028900D0C57A /* AppDelegate.m */,
				D7672CAC1EF3028900D0C57A /* ViewController.h */,
				D7672CAD1EF3028900D0C57A /* ViewController.m */,
				D7672CAF1EF3028900D0C57A /* Main.storyboard */,
				D7672CB21EF3028900D0C57A /* Assets.xcassets */,
				D7672CB41EF3028900D0C57A /* LaunchScreen.storyboard */,
				D7672CB71EF3028A00D0C57A /* Info.plist */,
				D7672CA61EF3028900D0C57A /* Supporting Files */,
			);
			path = Wavy;
			sourceTree = "<group>";
		};
		D7672CA61EF3028900D0C57A /* Supporting Files */ = {
			isa = PBXGroup;
			children = (
				D7672CA71EF3028900D0C57A /* main.m */,
			);
			name = "Supporting Files";
			sourceTree = "<group>";
		};
		D7672CBF1EF3028A00D0C57A /* WavyTests */ = {
			isa = PBXGroup;
			children = (
				D7672CC01EF3028A00D0C57A /* WavyTests.m */,
				D7672CC21EF3028A00D0C57A /* Info.plist */,
			);
			path = WavyTests;
			sourceTree = "<group>";
		};
		D7672CCA1EF3028A00D0C57A /* WavyUITests */ = {
			isa = PBXGroup;
			children = (
				D7672CCB1EF3028A00D0C57A /* WavyUITests.m */,
				D7672CCD1EF3028A00D0C57A /* Info.plist */,
			);
			path = WavyUITests;
			sourceTree = "<group>";
		};
/* End PBXGroup section */

/* Begin PBXNativeTarget section */
		D7672CA21EF3028900D0C57A /* Wavy */ = {
			isa = PBXNativeTarget;
			buildConfigurationList = D7672CD01EF3028A00D0C57A /* Build configuration list for PBXNativeTarget "Wavy" */;
			buildPhases = (
				D7672C9F1EF3028900D0C57A /* Sources */,
				D7672CA01EF3028900D0C57A /* Frameworks */,
				D7672CA11EF3028900D0C57A /* Resources */,
			);
			buildRules = (
			);
			dependencies = (
			);
			name = Wavy;
			productName = Wavy;
			productReference = D7672CA31EF3028900D0C57A /* Wavy.app */;
			productType = "com.apple.product-type.application";
		};
		D7672CBB1EF3028A00D0C57A /* WavyTests */ = {
			isa = PBXNativeTarget;
			buildConfigurationList = D7672CD31EF3028A00D0C57A /* Build configuration list for PBXNativeTarget "WavyTests" */;
			buildPhases = (
				D7672CB81EF3028A00D0C57A /* Sources */,
				D7672CB91EF3028A00D0C57A /* Frameworks */,
				D7672CBA1EF3028A00D0C57A /* Resources */,
			);
			buildRules = (
			);
			dependencies = (
				D7672CBE1EF3028A00D0C57A /* PBXTargetDependency */,
			);
			name = WavyTests;
			productName = WavyTests;
			productReference = D7672CBC1EF3028A00D0C57A /* WavyTests.xctest */;
			productType = "com.apple.product-type.bundle.unit-test";
		};
		D7672CC61EF3028A00D0C57A /* WavyUITests */ = {
			isa = PBXNativeTarget;
			buildConfigurationList = D7672CD61EF3028A00D0C57A /* Build configuration list for PBXNativeTarget "WavyUITests" */;
			buildPhases = (
				D7672CC31EF3028A00D0C57A /* Sources */,
				D7672CC41EF3028A00D0C57A /* Frameworks */,
				D7672CC51EF3028A00D0C57A /* Resources */,
			);
			buildRules = (
			);
			dependencies = (
				D7672CC91EF3028A00D0C57A /* PBXTargetDependency */,
			);
			name = WavyUITests;
			productName = WavyUITests;
			productReference = D7672CC71EF3028A00D0C57A /* WavyUITests.xctest */;
			productType = "com.apple.product-type.bundle.ui-testing";
		};
/* End PBXNativeTarget section */

/* Begin PBXProject section */
		D7672C9B1EF3028900D0C57A /* Project object */ = {
			isa = PBXProject;
			attributes = {
				LastUpgradeCheck = 0830;
				ORGANIZATIONNAME = "Katrina de Guzman";
				TargetAttributes = {
					D7672CA21EF3028900D0C57A = {
						CreatedOnToolsVersion = 8.3.2;
						ProvisioningStyle = Automatic;
					};
					D7672CBB1EF3028A00D0C57A = {
						CreatedOnToolsVersion = 8.3.2;
						ProvisioningStyle = Automatic;
						TestTargetID = D7672CA21EF3028900D0C57A;
					};
					D7672CC61EF3028A00D0C57A = {
						CreatedOnToolsVersion = 8.3.2;
						ProvisioningStyle = Automatic;
						TestTargetID = D7672CA21EF3028900D0C57A;
					};
				};
			};
			buildConfigurationList = D7672C9E1EF3028900D0C57A /* Build configuration list for PBXProject "Wavy" */;
			compatibilityVersion = "Xcode 3.2";
			developmentRegion = English;
			hasScannedForEncodings = 0;
			knownRegions = (
				en,
				Base,
			);
			mainGroup = D7672C9A1EF3028900D0C57A;
			productRefGroup = D7672CA41EF3028900D0C57A /* Products */;
			projectDirPath = "";
			projectRoot = "";
			targets = (
				D7672CA21EF3028900D0C57A /* Wavy */,
				D7672CBB1EF3028A00D0C57A /* WavyTests */,
				D7672CC61EF3028A00D0C57A /* WavyUITests */,
			);
		};
/* End PBXProject section */

/* Begin PBXResourcesBuildPhase section */
		D7672CA11EF3028900D0C57A /* Resources */ = {
			isa = PBXResourcesBuildPhase;
			buildActionMask = 2147483647;
			files = (
				D7672CB61EF3028900D0C57A /* LaunchScreen.storyboard in Resources */,
				D7672CB31EF3028900D0C57A /* Assets.xcassets in Resources */,
				D7672CB11EF3028900D0C57A /* Main.storyboard in Resources */,
			);
			runOnlyForDeploymentPostprocessing = 0;
		};
		D7672CBA1EF3028A00D0C57A /* Resources */ = {
			isa = PBXResourcesBuildPhase;
			buildActionMask = 2147483647;
			files = (
			);
			runOnlyForDeploymentPostprocessing = 0;
		};
		D7672CC51EF3028A00D0C57A /* Resources */ = {
			isa = PBXResourcesBuildPhase;
			buildActionMask = 2147483647;
			files = (
			);
			runOnlyForDeploymentPostprocessing = 0;
		};
/* End PBXResourcesBuildPhase section */

/* Begin PBXSourcesBuildPhase section */
		D7672C9F1EF3028900D0C57A /* Sources */ = {
			isa = PBXSourcesBuildPhase;
			buildActionMask = 2147483647;
			files = (
				D7672CAE1EF3028900D0C57A /* ViewController.m in Sources */,
				D7672CAB1EF3028900D0C57A /* AppDelegate.m in Sources */,
				D7672CA81EF3028900D0C57A /* main.m in Sources */,
			);
			runOnlyForDeploymentPostprocessing = 0;
		};
		D7672CB81EF3028A00D0C57A /* Sources */ = {
			isa = PBXSourcesBuildPhase;
			buildActionMask = 2147483647;
			files = (
				D7672CC11EF3028A00D0C57A /* WavyTests.m in Sources */,
			);
			runOnlyForDeploymentPostprocessing = 0;
		};
		D7672CC31EF3028A00D0C57A /* Sources */ = {
			isa = PBXSourcesBuildPhase;
			buildActionMask = 2147483647;
			files = (
				D7672CCC1EF3028A00D0C57A /* WavyUITests.m in Sources */,
			);
			runOnlyForDeploymentPostprocessing = 0;
		};
/* End PBXSourcesBuildPhase section */

/* Begin PBXTargetDependency section */
		D7672CBE1EF3028A00D0C57A /* PBXTargetDependency */ = {
			isa = PBXTargetDependency;
			target = D7672CA21EF3028900D0C57A /* Wavy */;
			targetProxy = D7672CBD1EF3028A00D0C57A /* PBXContainerItemProxy */;
		};
		D7672CC91EF3028A00D0C57A /* PBXTargetDependency */ = {
			isa = PBXTargetDependency;
			target = D7672CA21EF3028900D0C57A /* Wavy */;
			targetProxy = D7672CC81EF3028A00D0C57A /* PBXContainerItemProxy */;
		};
/* End PBXTargetDependency section */

/* Begin PBXVariantGroup section */
		D7672CAF1EF3028900D0C57A /* Main.storyboard */ = {
			isa = PBXVariantGroup;
			children = (
				D7672CB01EF3028900D0C57A /* Base */,
			);
			name = Main.storyboard;
			sourceTree = "<group>";
		};
		D7672CB41EF3028900D0C57A /* LaunchScreen.storyboard */ = {
			isa = PBXVariantGroup;
			children = (
				D7672CB51EF3028900D0C57A /* Base */,
			);
			name = LaunchScreen.storyboard;
			sourceTree = "<group>";
		};
/* End PBXVariantGroup section */

/* Begin XCBuildConfiguration section */
		D7672CCE1EF3028A00D0C57A /* Debug */ = {
			isa = XCBuildConfiguration;
			buildSettings = {
				ALWAYS_SEARCH_USER_PATHS = NO;
				CLANG_ANALYZER_NONNULL = YES;
				CLANG_ANALYZER_NUMBER_OBJECT_CONVERSION = YES_AGGRESSIVE;
				CLANG_CXX_LANGUAGE_STANDARD = "gnu++0x";
				CLANG_CXX_LIBRARY = "libc++";
				CLANG_ENABLE_MODULES = YES;
				CLANG_ENABLE_OBJC_ARC = YES;
				CLANG_WARN_BOOL_CONVERSION = YES;
				CLANG_WARN_CONSTANT_CONVERSION = YES;
				CLANG_WARN_DIRECT_OBJC_ISA_USAGE = YES_ERROR;
				CLANG_WARN_DOCUMENTATION_COMMENTS = YES;
				CLANG_WARN_EMPTY_BODY = YES;
				CLANG_WARN_ENUM_CONVERSION = YES;
				CLANG_WARN_INFINITE_RECURSION = YES;
				CLANG_WARN_INT_CONVERSION = YES;
				CLANG_WARN_OBJC_ROOT_CLASS = YES_ERROR;
				CLANG_WARN_SUSPICIOUS_MOVE = YES;
				CLANG_WARN_UNREACHABLE_CODE = YES;
				CLANG_WARN__DUPLICATE_METHOD_MATCH = YES;
				"CODE_SIGN_IDENTITY[sdk=iphoneos*]" = "iPhone Developer";
				COPY_PHASE_STRIP = NO;
				DEBUG_INFORMATION_FORMAT = dwarf;
				ENABLE_STRICT_OBJC_MSGSEND = YES;
				ENABLE_TESTABILITY = YES;
				GCC_C_LANGUAGE_STANDARD = gnu99;
				GCC_DYNAMIC_NO_PIC = NO;
				GCC_NO_COMMON_BLOCKS = YES;
				GCC_OPTIMIZATION_LEVEL = 0;
				GCC_PREPROCESSOR_DEFINITIONS = (
					"DEBUG=1",
					"$(inherited)",
				);
				GCC_WARN_64_TO_32_BIT_CONVERSION = YES;
				GCC_WARN_ABOUT_RETURN_TYPE = YES_ERROR;
				GCC_WARN_UNDECLARED_SELECTOR = YES;
				GCC_WARN_UNINITIALIZED_AUTOS = YES_AGGRESSIVE;
				GCC_WARN_UNUSED_FUNCTION = YES;
				GCC_WARN_UNUSED_VARIABLE = YES;
				IPHONEOS_DEPLOYMENT_TARGET = 10.3;
				MTL_ENABLE_DEBUG_INFO = YES;
				ONLY_ACTIVE_ARCH = YES;
				SDKROOT = iphoneos;
				TARGETED_DEVICE_FAMILY = 2;
			};
			name = Debug;
		};
		D7672CCF1EF3028A00D0C57A /* Release */ = {
			isa = XCBuildConfiguration;
			buildSettings = {
				ALWAYS_SEARCH_USER_PATHS = NO;
				CLANG_ANALYZER_NONNULL = YES;
				CLANG_ANALYZER_NUMBER_OBJECT_CONVERSION = YES_AGGRESSIVE;
				CLANG_CXX_LANGUAGE_STANDARD = "gnu++0x";
				CLANG_CXX_LIBRARY = "libc++";
				CLANG_ENABLE_MODULES = YES;
				CLANG_ENABLE_OBJC_ARC = YES;
				CLANG_WARN_BOOL_CONVERSION = YES;
				CLANG_WARN_CONSTANT_CONVERSION = YES;
				CLANG_WARN_DIRECT_OBJC_ISA_USAGE = YES_ERROR;
				CLANG_WARN_DOCUMENTATION_COMMENTS = YES;
				CLANG_WARN_EMPTY_BODY = YES;
				CLANG_WARN_ENUM_CONVERSION = YES;
				CLANG_WARN_INFINITE_RECURSION = YES;
				CLANG_WARN_INT_CONVERSION = YES;
				CLANG_WARN_OBJC_ROOT_CLASS = YES_ERROR;
				CLANG_WARN_SUSPICIOUS_MOVE = YES;
				CLANG_WARN_UNREACHABLE_CODE = YES;
				CLANG_WARN__DUPLICATE_METHOD_MATCH = YES;
				"CODE_SIGN_IDENTITY[sdk=iphoneos*]" = "iPhone Developer";
				COPY_PHASE_STRIP = NO;
				DEBUG_INFORMATION_FORMAT = "dwarf-with-dsym";
				ENABLE_NS_ASSERTIONS = NO;
				ENABLE_STRICT_OBJC_MSGSEND = YES;
				GCC_C_LANGUAGE_STANDARD = gnu99;
				GCC_NO_COMMON_BLOCKS = YES;
				GCC_WARN_64_TO_32_BIT_CONVERSION = YES;
				GCC_WARN_ABOUT_RETURN_TYPE = YES_ERROR;
				GCC_WARN_UNDECLARED_SELECTOR = YES;
				GCC_WARN_UNINITIALIZED_AUTOS = YES_AGGRESSIVE;
				GCC_WARN_UNUSED_FUNCTION = YES;
				GCC_WARN_UNUSED_VARIABLE = YES;
				IPHONEOS_DEPLOYMENT_TARGET = 10.3;
				MTL_ENABLE_DEBUG_INFO = NO;
				SDKROOT = iphoneos;
				TARGETED_DEVICE_FAMILY = 2;
				VALIDATE_PRODUCT = YES;
			};
			name = Release;
		};
		D7672CD11EF3028A00D0C57A /* Debug */ = {
			isa = XCBuildConfiguration;
			buildSettings = {
				ASSETCATALOG_COMPILER_APPICON_NAME = AppIcon;
				INFOPLIST_FILE = Wavy/Info.plist;
				LD_RUNPATH_SEARCH_PATHS = "$(inherited) @executable_path/Frameworks";
				PRODUCT_BUNDLE_IDENTIFIER = com.katrinadeguzman.Wavy;
				PRODUCT_NAME = "$(TARGET_NAME)";
			};
			name = Debug;
		};
		D7672CD21EF3028A00D0C57A /* Release */ = {
			isa = XCBuildConfiguration;
			buildSettings = {
				ASSETCATALOG_COMPILER_APPICON_NAME = AppIcon;
				INFOPLIST_FILE = Wavy/Info.plist;
				LD_RUNPATH_SEARCH_PATHS = "$(inherited) @executable_path/Frameworks";
				PRODUCT_BUNDLE_IDENTIFIER = com.katrinadeguzman.Wavy;
				PRODUCT_NAME = "$(TARGET_NAME)";
			};
			name = Release;
		};
		D7672CD41EF3028A00D0C57A /* Debug */ = {
			isa = XCBuildConfiguration;
			buildSettings = {
				BUNDLE_LOADER = "$(TEST_HOST)";
				INFOPLIST_FILE = WavyTests/Info.plist;
				LD_RUNPATH_SEARCH_PATHS = "$(inherited) @executable_path/Frameworks @loader_path/Frameworks";
				PRODUCT_BUNDLE_IDENTIFIER = com.katrinadeguzman.WavyTests;
				PRODUCT_NAME = "$(TARGET_NAME)";
				TEST_HOST = "$(BUILT_PRODUCTS_DIR)/Wavy.app/Wavy";
			};
			name = Debug;
		};
		D7672CD51EF3028A00D0C57A /* Release */ = {
			isa = XCBuildConfiguration;
			buildSettings = {
				BUNDLE_LOADER = "$(TEST_HOST)";
				INFOPLIST_FILE = WavyTests/Info.plist;
				LD_RUNPATH_SEARCH_PATHS = "$(inherited) @executable_path/Frameworks @loader_path/Frameworks";
				PRODUCT_BUNDLE_IDENTIFIER = com.katrinadeguzman.WavyTests;
				PRODUCT_NAME = "$(TARGET_NAME)";
				TEST_HOST = "$(BUILT_PRODUCTS_DIR)/Wavy.app/Wavy";
			};
			name = Release;
		};
		D7672CD71EF3028A00D0C57A /* Debug */ = {
			isa = XCBuildConfiguration;
			buildSettings = {
				INFOPLIST_FILE = WavyUITests/Info.plist;
				LD_RUNPATH_SEARCH_PATHS = "$(inherited) @executable_path/Frameworks @loader_path/Frameworks";
				PRODUCT_BUNDLE_IDENTIFIER = com.katrinadeguzman.WavyUITests;
				PRODUCT_NAME = "$(TARGET_NAME)";
				TEST_TARGET_NAME = Wavy;
			};
			name = Debug;
		};
		D7672CD81EF3028A00D0C57A /* Release */ = {
			isa = XCBuildConfiguration;
			buildSettings = {
				INFOPLIST_FILE = WavyUITests/Info.plist;
				LD_RUNPATH_SEARCH_PATHS = "$(inherited) @executable_path/Frameworks @loader_path/Frameworks";
				PRODUCT_BUNDLE_IDENTIFIER = com.katrinadeguzman.WavyUITests;
				PRODUCT_NAME = "$(TARGET_NAME)";
				TEST_TARGET_NAME = Wavy;
			};
			name = Release;
		};
/* End XCBuildConfiguration section */

/* Begin XCConfigurationList section */
		D7672C9E1EF3028900D0C57A /* Build configuration list for PBXProject "Wavy" */ = {
			isa = XCConfigurationList;
			buildConfigurations = (
				D7672CCE1EF3028A00D0C57A /* Debug */,
				D7672CCF1EF3028A00D0C57A /* Release */,
			);
			defaultConfigurationIsVisible = 0;
			defaultConfigurationName = Release;
		};
		D7672CD01EF3028A00D0C57A /* Build configuration list for PBXNativeTarget "Wavy" */ = {
			isa = XCConfigurationList;
			buildConfigurations = (
				D7672CD11EF3028A00D0C57A /* Debug */,
				D7672CD21EF3028A00D0C57A /* Release */,
			);
			defaultConfigurationIsVisible = 0;
		};
		D7672CD31EF3028A00D0C57A /* Build configuration list for PBXNativeTarget "WavyTests" */ = {
			isa = XCConfigurationList;
			buildConfigurations = (
				D7672CD41EF3028A00D0C57A /* Debug */,
				D7672CD51EF3028A00D0C57A /* Release */,
			);
			defaultConfigurationIsVisible = 0;
		};
		D7672CD61EF3028A00D0C57A /* Build configuration list for PBXNativeTarget "WavyUITests" */ = {
			isa = XCConfigurationList;
			buildConfigurations = (
				D7672CD71EF3028A00D0C57A /* Debug */,
				D7672CD81EF3028A00D0C57A /* Release */,
			);
			defaultConfigurationIsVisible = 0;
		};
/* End XCConfigurationList section */
	};
	rootObject = D7672C9B1EF3028900D0C57A /* Project object */;
}
